
Microsoft Visual Studio Solution File, Format Version 12.00
# Visual Studio Version 17
VisualStudioVersion = 17.13.35605.110 d17.13
MinimumVisualStudioVersion = 10.0.40219.1
Project("{FAE04EC0-301F-11D3-BF4B-00C04F79EFBC}") = "SportsDashboard", "SportsDashboard\SportsDashboard.csproj", "{CC6F4040-59BA-4882-B869-50730B99BEDE}"
EndProject
Global
	GlobalSection(SolutionConfigurationPlatforms) = preSolution
		Debug|Any CPU = Debug|Any CPU
		Release|Any CPU = Release|Any CPU
	EndGlobalSection
	GlobalSection(ProjectConfigurationPlatforms) = postSolution
		{CC6F4040-59BA-4882-B869-50730B99BEDE}.Debug|Any CPU.ActiveCfg = Debug|Any CPU
		{CC6F4040-59BA-4882-B869-50730B99BEDE}.Debug|Any CPU.Build.0 = Debug|Any CPU
		{CC6F4040-59BA-4882-B869-50730B99BEDE}.Release|Any CPU.ActiveCfg = Release|Any CPU
		{CC6F4040-59BA-4882-B869-50730B99BEDE}.Release|Any CPU.Build.0 = Release|Any CPU
	EndGlobalSection
	GlobalSection(SolutionProperties) = preSolution
		HideSolutionNode = FALSE
	EndGlobalSection
	GlobalSection(ExtensibilityGlobals) = postSolution
		SolutionGuid = {1002CB19-53B8-4FA0-8717-95B384DD83C5}
	EndGlobalSection
EndGlobal
